
Microsoft Visual Studio Solution File, Format Version 12.00
Project("{FAE04EC0-301F-11D3-BF4B-00C04F79EFBC}") = "AstroGalaxy", "AstroGalaxy\AstroGalaxy.csproj", "{1430E941-B17D-4B9A-8EAC-0B9B1301E550}"
EndProject
Global
	GlobalSection(SolutionConfigurationPlatforms) = preSolution
		Debug|Any CPU = Debug|Any CPU
		Release|Any CPU = Release|Any CPU
	EndGlobalSection
	GlobalSection(ProjectConfigurationPlatforms) = postSolution
		{1430E941-B17D-4B9A-8EAC-0B9B1301E550}.Debug|Any CPU.ActiveCfg = Debug|Any CPU
		{1430E941-B17D-4B9A-8EAC-0B9B1301E550}.Debug|Any CPU.Build.0 = Debug|Any CPU
		{1430E941-B17D-4B9A-8EAC-0B9B1301E550}.Release|Any CPU.ActiveCfg = Release|Any CPU
		{1430E941-B17D-4B9A-8EAC-0B9B1301E550}.Release|Any CPU.Build.0 = Release|Any CPU
	EndGlobalSection
EndGlobal
